convert:
  cmd: python -m spacy run convert
  script:
    - python scripts/convert.py en assets/train.json corpus/train.spacy
    - python scripts/convert.py en assets/dev.json corpus/dev.spacy
  deps:
    - path: assets/train.json
      md5: 08ef7919432381f15260d3673f3290b4
    - path: assets/dev.json
      md5: a70dd76f2207268f9a2393f21946c056
    - path: scripts/convert.py
      md5: 26a5ca230fbbafa8c01c5c85c46bea74
  outs:
    - path: corpus/train.spacy
      md5: 52c86c5ec503e5f1d31fb13fa888d927
    - path: corpus/dev.spacy
      md5: 713371dbc86b0297f666dc3836349302
  spacy_version: 3.3.0
  spacy_git_version: 497a708c7
create-config:
  cmd: python -m spacy run create-config
  script:
    - python scripts/create_config.py en_core_web_sm ner configs/config.cfg
  deps:
    - path: scripts/create_config.py
      md5: d4b3edbf91c921fc44c927ad35627c21
  outs:
    - path: configs/config.cfg
      md5: 6634bdcee5ab43a4c4864b8bd1ac9d4a
  spacy_version: 3.3.0
  spacy_git_version: 497a708c7
train:
  cmd: python -m spacy run train
  script:
    - python -m spacy train configs/config.cfg --output training/ --paths.train corpus/train.spacy
      --paths.dev corpus/dev.spacy --training.eval_frequency 10 --training.max_steps
      100 --gpu-id -1
  deps:
    - path: configs/config.cfg
      md5: 6634bdcee5ab43a4c4864b8bd1ac9d4a
    - path: corpus/train.spacy
      md5: 52c86c5ec503e5f1d31fb13fa888d927
    - path: corpus/dev.spacy
      md5: 713371dbc86b0297f666dc3836349302
  outs:
    - path: training/model-best
      md5: 3397f6ccfd00dfd8728fa15571555dbb
  spacy_version: 3.3.0
  spacy_git_version: 497a708c7
evaluate:
  cmd: python -m spacy run evaluate
  script:
    - python -m spacy evaluate training/model-best corpus/dev.spacy --output training/metrics.json
  deps:
    - path: corpus/dev.spacy
      md5: 713371dbc86b0297f666dc3836349302
    - path: training/model-best
      md5: 3397f6ccfd00dfd8728fa15571555dbb
  outs:
    - path: training/metrics.json
      md5: 3c5c7dc02210512a85948d08b4012589
  spacy_version: 3.3.0
  spacy_git_version: 497a708c7
package:
  cmd: python -m spacy run package
  script:
    - python -m spacy package training/model-best packages --name ner_demo_replace
      --version 0.0.0 --force
  deps:
    - path: training/model-best
      md5: 3397f6ccfd00dfd8728fa15571555dbb
  outs:
    - path: packages/en_ner_demo_replace-0.0.0/dist/en_ner_demo_replace-0.0.0.tar.gz
      md5: 746324056434289ef1552b53b777a11b
  spacy_version: 3.3.0
  spacy_git_version: 497a708c7
